
Microsoft Visual Studio Solution File, Format Version 12.00
# Visual Studio Version 17
VisualStudioVersion = 17.11.35303.130
MinimumVisualStudioVersion = 10.0.40219.1
Project("{9A19103F-16F7-4668-BE54-9A1E7A4F7556}") = "F24Week4IntroToGenerics", "F24Week4IntroToGenerics\F24Week4IntroToGenerics.csproj", "{AAB1D10D-38F9-4C9B-8F3F-FA556A2D9E11}"
EndProject
Project("{9A19103F-16F7-4668-BE54-9A1E7A4F7556}") = "IntroToGenericCollections", "IntroToGenericCollections\IntroToGenericCollections.csproj", "{02F1ADD0-6258-4793-BEB4-B76283FD3899}"
EndProject
Project("{9A19103F-16F7-4668-BE54-9A1E7A4F7556}") = "ListExample", "ListExample\ListExample.csproj", "{0B517FEA-158D-4346-96A6-6EB60D0B7FB6}"
EndProject
Project("{FAE04EC0-301F-11D3-BF4B-00C04F79EFBC}") = "DictionaryExample", "DictionaryExample\DictionaryExample.csproj", "{23EDF27A-7CDC-4CA4-910D-E57CCBF76019}"
EndProject
Project("{FAE04EC0-301F-11D3-BF4B-00C04F79EFBC}") = "StackAndQueueExample", "StackAndQueueExample\StackAndQueueExample.csproj", "{BA95D3EA-DF43-47C0-A0FD-766EA504E161}"
EndProject
Global
	GlobalSection(SolutionConfigurationPlatforms) = preSolution
		Debug|Any CPU = Debug|Any CPU
		Release|Any CPU = Release|Any CPU
	EndGlobalSection
	GlobalSection(ProjectConfigurationPlatforms) = postSolution
		{AAB1D10D-38F9-4C9B-8F3F-FA556A2D9E11}.Debug|Any CPU.ActiveCfg = Debug|Any CPU
		{AAB1D10D-38F9-4C9B-8F3F-FA556A2D9E11}.Debug|Any CPU.Build.0 = Debug|Any CPU
		{AAB1D10D-38F9-4C9B-8F3F-FA556A2D9E11}.Release|Any CPU.ActiveCfg = Release|Any CPU
		{AAB1D10D-38F9-4C9B-8F3F-FA556A2D9E11}.Release|Any CPU.Build.0 = Release|Any CPU
		{02F1ADD0-6258-4793-BEB4-B76283FD3899}.Debug|Any CPU.ActiveCfg = Debug|Any CPU
		{02F1ADD0-6258-4793-BEB4-B76283FD3899}.Debug|Any CPU.Build.0 = Debug|Any CPU
		{02F1ADD0-6258-4793-BEB4-B76283FD3899}.Release|Any CPU.ActiveCfg = Release|Any CPU
		{02F1ADD0-6258-4793-BEB4-B76283FD3899}.Release|Any CPU.Build.0 = Release|Any CPU
		{0B517FEA-158D-4346-96A6-6EB60D0B7FB6}.Debug|Any CPU.ActiveCfg = Debug|Any CPU
		{0B517FEA-158D-4346-96A6-6EB60D0B7FB6}.Debug|Any CPU.Build.0 = Debug|Any CPU
		{0B517FEA-158D-4346-96A6-6EB60D0B7FB6}.Release|Any CPU.ActiveCfg = Release|Any CPU
		{0B517FEA-158D-4346-96A6-6EB60D0B7FB6}.Release|Any CPU.Build.0 = Release|Any CPU
		{23EDF27A-7CDC-4CA4-910D-E57CCBF76019}.Debug|Any CPU.ActiveCfg = Debug|Any CPU
		{23EDF27A-7CDC-4CA4-910D-E57CCBF76019}.Debug|Any CPU.Build.0 = Debug|Any CPU
		{23EDF27A-7CDC-4CA4-910D-E57CCBF76019}.Release|Any CPU.ActiveCfg = Release|Any CPU
		{23EDF27A-7CDC-4CA4-910D-E57CCBF76019}.Release|Any CPU.Build.0 = Release|Any CPU
		{BA95D3EA-DF43-47C0-A0FD-766EA504E161}.Debug|Any CPU.ActiveCfg = Debug|Any CPU
		{BA95D3EA-DF43-47C0-A0FD-766EA504E161}.Debug|Any CPU.Build.0 = Debug|Any CPU
		{BA95D3EA-DF43-47C0-A0FD-766EA504E161}.Release|Any CPU.ActiveCfg = Release|Any CPU
		{BA95D3EA-DF43-47C0-A0FD-766EA504E161}.Release|Any CPU.Build.0 = Release|Any CPU
	EndGlobalSection
	GlobalSection(SolutionProperties) = preSolution
		HideSolutionNode = FALSE
	EndGlobalSection
	GlobalSection(ExtensibilityGlobals) = postSolution
		SolutionGuid = {4E09BE9F-6F4A-4D3A-A4E1-68C42940F5A2}
	EndGlobalSection
EndGlobal
